// !$*UTF8*$!
{
	archiveVersion = 1;
	classes = {
	};
	objectVersion = 50;
	objects = {

/* Begin PBXBuildFile section */
		3B0B321020A0F9BD0033066F /* AddEditMissionaryViewController.swift in Sources */ = {isa = PBXBuildFile; fileRef = 3B0B320F20A0F9BD0033066F /* AddEditMissionaryViewController.swift */; };
		3B0B321320A34CEE0033066F /* ShiftableViewController.swift in Sources */ = {isa = PBXBuildFile; fileRef = 3B0B321220A34CEE0033066F /* ShiftableViewController.swift */; };
		3B3AE99220A9C881002E8D12 /* EveryoneListTableViewController.swift in Sources */ = {isa = PBXBuildFile; fileRef = 3B3AE99120A9C881002E8D12 /* EveryoneListTableViewController.swift */; };
		3B3AE99420A9CA81002E8D12 /* Person+Convenience.swift in Sources */ = {isa = PBXBuildFile; fileRef = 3B3AE99320A9CA81002E8D12 /* Person+Convenience.swift */; };
		3B3AE99620A9CAFD002E8D12 /* PersonController.swift in Sources */ = {isa = PBXBuildFile; fileRef = 3B3AE99520A9CAFD002E8D12 /* PersonController.swift */; };
		3B3AE99A20A9CCB2002E8D12 /* AddEditEveryoneViewController.swift in Sources */ = {isa = PBXBuildFile; fileRef = 3B3AE99920A9CCB2002E8D12 /* AddEditEveryoneViewController.swift */; };
		3B3AE99C20A9CCC1002E8D12 /* EveryoneDetailViewController.swift in Sources */ = {isa = PBXBuildFile; fileRef = 3B3AE99B20A9CCC1002E8D12 /* EveryoneDetailViewController.swift */; };
		3B9D117B20A0ADA100B44CF7 /* AppDelegate.swift in Sources */ = {isa = PBXBuildFile; fileRef = 3B9D117A20A0ADA100B44CF7 /* AppDelegate.swift */; };
		3B9D118020A0ADA100B44CF7 /* Main.storyboard in Resources */ = {isa = PBXBuildFile; fileRef = 3B9D117E20A0ADA100B44CF7 /* Main.storyboard */; };
		3B9D118320A0ADA100B44CF7 /* MattsContacts.xcdatamodeld in Sources */ = {isa = PBXBuildFile; fileRef = 3B9D118120A0ADA100B44CF7 /* MattsContacts.xcdatamodeld */; };
		3B9D118520A0ADA300B44CF7 /* Assets.xcassets in Resources */ = {isa = PBXBuildFile; fileRef = 3B9D118420A0ADA300B44CF7 /* Assets.xcassets */; };
		3B9D118820A0ADA300B44CF7 /* LaunchScreen.storyboard in Resources */ = {isa = PBXBuildFile; fileRef = 3B9D118620A0ADA300B44CF7 /* LaunchScreen.storyboard */; };
		3B9D119320A0B36600B44CF7 /* CoreDataStack.swift in Sources */ = {isa = PBXBuildFile; fileRef = 3B9D119220A0B36600B44CF7 /* CoreDataStack.swift */; };
		3B9D119520A0B39500B44CF7 /* Missionary+Convenience.swift in Sources */ = {isa = PBXBuildFile; fileRef = 3B9D119420A0B39500B44CF7 /* Missionary+Convenience.swift */; };
		3B9D119720A0B5C100B44CF7 /* MissionaryController.swift in Sources */ = {isa = PBXBuildFile; fileRef = 3B9D119620A0B5C100B44CF7 /* MissionaryController.swift */; };
		3B9D119C20A0B83D00B44CF7 /* MissionaryListTableViewController.swift in Sources */ = {isa = PBXBuildFile; fileRef = 3B9D119B20A0B83D00B44CF7 /* MissionaryListTableViewController.swift */; };
		3BB9BD3720A0BF0300DF36F5 /* MissionaryDetailViewController.swift in Sources */ = {isa = PBXBuildFile; fileRef = 3BB9BD3620A0BF0300DF36F5 /* MissionaryDetailViewController.swift */; };
/* End PBXBuildFile section */

/* Begin PBXFileReference section */
		3B0B320F20A0F9BD0033066F /* AddEditMissionaryViewController.swift */ = {isa = PBXFileReference; lastKnownFileType = sourcecode.swift; path = AddEditMissionaryViewController.swift; sourceTree = "<group>"; };
		3B0B321220A34CEE0033066F /* ShiftableViewController.swift */ = {isa = PBXFileReference; lastKnownFileType = sourcecode.swift; path = ShiftableViewController.swift; sourceTree = "<group>"; };
		3B3AE99120A9C881002E8D12 /* EveryoneListTableViewController.swift */ = {isa = PBXFileReference; lastKnownFileType = sourcecode.swift; path = EveryoneListTableViewController.swift; sourceTree = "<group>"; };
		3B3AE99320A9CA81002E8D12 /* Person+Convenience.swift */ = {isa = PBXFileReference; lastKnownFileType = sourcecode.swift; path = "Person+Convenience.swift"; sourceTree = "<group>"; };
		3B3AE99520A9CAFD002E8D12 /* PersonController.swift */ = {isa = PBXFileReference; lastKnownFileType = sourcecode.swift; path = PersonController.swift; sourceTree = "<group>"; };
		3B3AE99920A9CCB2002E8D12 /* AddEditEveryoneViewController.swift */ = {isa = PBXFileReference; lastKnownFileType = sourcecode.swift; path = AddEditEveryoneViewController.swift; sourceTree = "<group>"; };
		3B3AE99B20A9CCC1002E8D12 /* EveryoneDetailViewController.swift */ = {isa = PBXFileReference; lastKnownFileType = sourcecode.swift; path = EveryoneDetailViewController.swift; sourceTree = "<group>"; };
		3B9D117720A0ADA100B44CF7 /* MattsContacts.app */ = {isa = PBXFileReference; explicitFileType = wrapper.application; includeInIndex = 0; path = MattsContacts.app; sourceTree = BUILT_PRODUCTS_DIR; };
		3B9D117A20A0ADA100B44CF7 /* AppDelegate.swift */ = {isa = PBXFileReference; lastKnownFileType = sourcecode.swift; path = AppDelegate.swift; sourceTree = "<group>"; };
		3B9D117F20A0ADA100B44CF7 /* Base */ = {isa = PBXFileReference; lastKnownFileType = file.storyboard; name = Base; path = Base.lproj/Main.storyboard; sourceTree = "<group>"; };
		3B9D118220A0ADA100B44CF7 /* MattsContacts.xcdatamodel */ = {isa = PBXFileReference; lastKnownFileType = wrapper.xcdatamodel; path = MattsContacts.xcdatamodel; sourceTree = "<group>"; };
		3B9D118420A0ADA300B44CF7 /* Assets.xcassets */ = {isa = PBXFileReference; lastKnownFileType = folder.assetcatalog; path = Assets.xcassets; sourceTree = "<group>"; };
		3B9D118720A0ADA300B44CF7 /* Base */ = {isa = PBXFileReference; lastKnownFileType = file.storyboard; name = Base; path = Base.lproj/LaunchScreen.storyboard; sourceTree = "<group>"; };
		3B9D118920A0ADA300B44CF7 /* Info.plist */ = {isa = PBXFileReference; lastKnownFileType = text.plist.xml; path = Info.plist; sourceTree = "<group>"; };
		3B9D119220A0B36600B44CF7 /* CoreDataStack.swift */ = {isa = PBXFileReference; lastKnownFileType = sourcecode.swift; path = CoreDataStack.swift; sourceTree = "<group>"; };
		3B9D119420A0B39500B44CF7 /* Missionary+Convenience.swift */ = {isa = PBXFileReference; lastKnownFileType = sourcecode.swift; path = "Missionary+Convenience.swift"; sourceTree = "<group>"; };
		3B9D119620A0B5C100B44CF7 /* MissionaryController.swift */ = {isa = PBXFileReference; lastKnownFileType = sourcecode.swift; path = MissionaryController.swift; sourceTree = "<group>"; };
		3B9D119B20A0B83D00B44CF7 /* MissionaryListTableViewController.swift */ = {isa = PBXFileReference; lastKnownFileType = sourcecode.swift; path = MissionaryListTableViewController.swift; sourceTree = "<group>"; };
		3BB9BD3620A0BF0300DF36F5 /* MissionaryDetailViewController.swift */ = {isa = PBXFileReference; lastKnownFileType = sourcecode.swift; path = MissionaryDetailViewController.swift; sourceTree = "<group>"; };
/* End PBXFileReference section */

/* Begin PBXFrameworksBuildPhase section */
		3B9D117420A0ADA100B44CF7 /* Frameworks */ = {
			isa = PBXFrameworksBuildPhase;
			buildActionMask = 2147483647;
			files = (
			);
			runOnlyForDeploymentPostprocessing = 0;
		};
/* End PBXFrameworksBuildPhase section */

/* Begin PBXGroup section */
		3B0B321120A34CE50033066F /* Helpers */ = {
			isa = PBXGroup;
			children = (
				3B0B321220A34CEE0033066F /* ShiftableViewController.swift */,
			);
			path = Helpers;
			sourceTree = "<group>";
		};
		3B9D116E20A0ADA100B44CF7 = {
			isa = PBXGroup;
			children = (
				3B9D117920A0ADA100B44CF7 /* MattsContacts */,
				3B9D117820A0ADA100B44CF7 /* Products */,
			);
			sourceTree = "<group>";
		};
		3B9D117820A0ADA100B44CF7 /* Products */ = {
			isa = PBXGroup;
			children = (
				3B9D117720A0ADA100B44CF7 /* MattsContacts.app */,
			);
			name = Products;
			sourceTree = "<group>";
		};
		3B9D117920A0ADA100B44CF7 /* MattsContacts */ = {
			isa = PBXGroup;
			children = (
				3B0B321120A34CE50033066F /* Helpers */,
				3B9D119A20A0B81E00B44CF7 /* UI+View */,
				3B9D119920A0B81800B44CF7 /* ViewControllers */,
				3B9D119820A0B78B00B44CF7 /* ModelControllers */,
				3B9D119020A0B22100B44CF7 /* Model+CoreData */,
				3B9D118F20A0AF8C00B44CF7 /* Resources */,
			);
			path = MattsContacts;
			sourceTree = "<group>";
		};
		3B9D118F20A0AF8C00B44CF7 /* Resources */ = {
			isa = PBXGroup;
			children = (
				3B9D117A20A0ADA100B44CF7 /* AppDelegate.swift */,
				3B9D118420A0ADA300B44CF7 /* Assets.xcassets */,
				3B9D118620A0ADA300B44CF7 /* LaunchScreen.storyboard */,
				3B9D118920A0ADA300B44CF7 /* Info.plist */,
			);
			path = Resources;
			sourceTree = "<group>";
		};
		3B9D119020A0B22100B44CF7 /* Model+CoreData */ = {
			isa = PBXGroup;
			children = (
				3B9D118120A0ADA100B44CF7 /* MattsContacts.xcdatamodeld */,
				3B9D119220A0B36600B44CF7 /* CoreDataStack.swift */,
				3B9D119420A0B39500B44CF7 /* Missionary+Convenience.swift */,
				3B3AE99320A9CA81002E8D12 /* Person+Convenience.swift */,
			);
			path = "Model+CoreData";
			sourceTree = "<group>";
		};
		3B9D119820A0B78B00B44CF7 /* ModelControllers */ = {
			isa = PBXGroup;
			children = (
				3B9D119620A0B5C100B44CF7 /* MissionaryController.swift */,
				3B3AE99520A9CAFD002E8D12 /* PersonController.swift */,
			);
			path = ModelControllers;
			sourceTree = "<group>";
		};
		3B9D119920A0B81800B44CF7 /* ViewControllers */ = {
			isa = PBXGroup;
			children = (
				3B9D119B20A0B83D00B44CF7 /* MissionaryListTableViewController.swift */,
				3BB9BD3620A0BF0300DF36F5 /* MissionaryDetailViewController.swift */,
				3B0B320F20A0F9BD0033066F /* AddEditMissionaryViewController.swift */,
				3B3AE99120A9C881002E8D12 /* EveryoneListTableViewController.swift */,
				3B3AE99920A9CCB2002E8D12 /* AddEditEveryoneViewController.swift */,
				3B3AE99B20A9CCC1002E8D12 /* EveryoneDetailViewController.swift */,
			);
			path = ViewControllers;
			sourceTree = "<group>";
		};
		3B9D119A20A0B81E00B44CF7 /* UI+View */ = {
			isa = PBXGroup;
			children = (
				3B9D117E20A0ADA100B44CF7 /* Main.storyboard */,
			);
			path = "UI+View";
			sourceTree = "<group>";
		};
/* End PBXGroup section */

/* Begin PBXNativeTarget section */
		3B9D117620A0ADA100B44CF7 /* MattsContacts */ = {
			isa = PBXNativeTarget;
			buildConfigurationList = 3B9D118C20A0ADA300B44CF7 /* Build configuration list for PBXNativeTarget "MattsContacts" */;
			buildPhases = (
				3B9D117320A0ADA100B44CF7 /* Sources */,
				3B9D117420A0ADA100B44CF7 /* Frameworks */,
				3B9D117520A0ADA100B44CF7 /* Resources */,
			);
			buildRules = (
			);
			dependencies = (
			);
			name = MattsContacts;
			productName = MattsContacts;
			productReference = 3B9D117720A0ADA100B44CF7 /* MattsContacts.app */;
			productType = "com.apple.product-type.application";
		};
/* End PBXNativeTarget section */

/* Begin PBXProject section */
		3B9D116F20A0ADA100B44CF7 /* Project object */ = {
			isa = PBXProject;
			attributes = {
				LastSwiftUpdateCheck = 0930;
				LastUpgradeCheck = 0930;
				ORGANIZATIONNAME = JfMetcalf;
				TargetAttributes = {
					3B9D117620A0ADA100B44CF7 = {
						CreatedOnToolsVersion = 9.3;
					};
				};
			};
			buildConfigurationList = 3B9D117220A0ADA100B44CF7 /* Build configuration list for PBXProject "MattsContacts" */;
			compatibilityVersion = "Xcode 9.3";
			developmentRegion = en;
			hasScannedForEncodings = 0;
			knownRegions = (
				en,
				Base,
			);
			mainGroup = 3B9D116E20A0ADA100B44CF7;
			productRefGroup = 3B9D117820A0ADA100B44CF7 /* Products */;
			projectDirPath = "";
			projectRoot = "";
			targets = (
				3B9D117620A0ADA100B44CF7 /* MattsContacts */,
			);
		};
/* End PBXProject section */

/* Begin PBXResourcesBuildPhase section */
		3B9D117520A0ADA100B44CF7 /* Resources */ = {
			isa = PBXResourcesBuildPhase;
			buildActionMask = 2147483647;
			files = (
				3B9D118820A0ADA300B44CF7 /* LaunchScreen.storyboard in Resources */,
				3B9D118520A0ADA300B44CF7 /* Assets.xcassets in Resources */,
				3B9D118020A0ADA100B44CF7 /* Main.storyboard in Resources */,
			);
			runOnlyForDeploymentPostprocessing = 0;
		};
/* End PBXResourcesBuildPhase section */

/* Begin PBXSourcesBuildPhase section */
		3B9D117320A0ADA100B44CF7 /* Sources */ = {
			isa = PBXSourcesBuildPhase;
			buildActionMask = 2147483647;
			files = (
				3B9D119720A0B5C100B44CF7 /* MissionaryController.swift in Sources */,
				3B9D119320A0B36600B44CF7 /* CoreDataStack.swift in Sources */,
				3B9D119520A0B39500B44CF7 /* Missionary+Convenience.swift in Sources */,
				3B3AE99A20A9CCB2002E8D12 /* AddEditEveryoneViewController.swift in Sources */,
				3B9D119C20A0B83D00B44CF7 /* MissionaryListTableViewController.swift in Sources */,
				3B3AE99620A9CAFD002E8D12 /* PersonController.swift in Sources */,
				3B0B321020A0F9BD0033066F /* AddEditMissionaryViewController.swift in Sources */,
				3B9D118320A0ADA100B44CF7 /* MattsContacts.xcdatamodeld in Sources */,
				3B3AE99220A9C881002E8D12 /* EveryoneListTableViewController.swift in Sources */,
				3B9D117B20A0ADA100B44CF7 /* AppDelegate.swift in Sources */,
				3B3AE99C20A9CCC1002E8D12 /* EveryoneDetailViewController.swift in Sources */,
				3B0B321320A34CEE0033066F /* ShiftableViewController.swift in Sources */,
				3BB9BD3720A0BF0300DF36F5 /* MissionaryDetailViewController.swift in Sources */,
				3B3AE99420A9CA81002E8D12 /* Person+Convenience.swift in Sources */,
			);
			runOnlyForDeploymentPostprocessing = 0;
		};
/* End PBXSourcesBuildPhase section */

/* Begin PBXVariantGroup section */
		3B9D117E20A0ADA100B44CF7 /* Main.storyboard */ = {
			isa = PBXVariantGroup;
			children = (
				3B9D117F20A0ADA100B44CF7 /* Base */,
			);
			name = Main.storyboard;
			sourceTree = "<group>";
		};
		3B9D118620A0ADA300B44CF7 /* LaunchScreen.storyboard */ = {
			isa = PBXVariantGroup;
			children = (
				3B9D118720A0ADA300B44CF7 /* Base */,
			);
			name = LaunchScreen.storyboard;
			sourceTree = "<group>";
		};
/* End PBXVariantGroup section */

/* Begin XCBuildConfiguration section */
		3B9D118A20A0ADA300B44CF7 /* Debug */ = {
			isa = XCBuildConfiguration;
			buildSettings = {
				ALWAYS_SEARCH_USER_PATHS = NO;
				CLANG_ANALYZER_NONNULL = YES;
				CLANG_ANALYZER_NUMBER_OBJECT_CONVERSION = YES_AGGRESSIVE;
				CLANG_CXX_LANGUAGE_STANDARD = "gnu++14";
				CLANG_CXX_LIBRARY = "libc++";
				CLANG_ENABLE_MODULES = YES;
				CLANG_ENABLE_OBJC_ARC = YES;
				CLANG_ENABLE_OBJC_WEAK = YES;
				CLANG_WARN_BLOCK_CAPTURE_AUTORELEASING = YES;
				CLANG_WARN_BOOL_CONVERSION = YES;
				CLANG_WARN_COMMA = YES;
				CLANG_WARN_CONSTANT_CONVERSION = YES;
				CLANG_WARN_DEPRECATED_OBJC_IMPLEMENTATIONS = YES;
				CLANG_WARN_DIRECT_OBJC_ISA_USAGE = YES_ERROR;
				CLANG_WARN_DOCUMENTATION_COMMENTS = YES;
				CLANG_WARN_EMPTY_BODY = YES;
				CLANG_WARN_ENUM_CONVERSION = YES;
				CLANG_WARN_INFINITE_RECURSION = YES;
				CLANG_WARN_INT_CONVERSION = YES;
				CLANG_WARN_NON_LITERAL_NULL_CONVERSION = YES;
				CLANG_WARN_OBJC_IMPLICIT_RETAIN_SELF = YES;
				CLANG_WARN_OBJC_LITERAL_CONVERSION = YES;
				CLANG_WARN_OBJC_ROOT_CLASS = YES_ERROR;
				CLANG_WARN_RANGE_LOOP_ANALYSIS = YES;
				CLANG_WARN_STRICT_PROTOTYPES = YES;
				CLANG_WARN_SUSPICIOUS_MOVE = YES;
				CLANG_WARN_UNGUARDED_AVAILABILITY = YES_AGGRESSIVE;
				CLANG_WARN_UNREACHABLE_CODE = YES;
				CLANG_WARN__DUPLICATE_METHOD_MATCH = YES;
				CODE_SIGN_IDENTITY = "iPhone Developer";
				COPY_PHASE_STRIP = NO;
				DEBUG_INFORMATION_FORMAT = dwarf;
				ENABLE_STRICT_OBJC_MSGSEND = YES;
				ENABLE_TESTABILITY = YES;
				GCC_C_LANGUAGE_STANDARD = gnu11;
				GCC_DYNAMIC_NO_PIC = NO;
				GCC_NO_COMMON_BLOCKS = YES;
				GCC_OPTIMIZATION_LEVEL = 0;
				GCC_PREPROCESSOR_DEFINITIONS = (
					"DEBUG=1",
					"$(inherited)",
				);
				GCC_WARN_64_TO_32_BIT_CONVERSION = YES;
				GCC_WARN_ABOUT_RETURN_TYPE = YES_ERROR;
				GCC_WARN_UNDECLARED_SELECTOR = YES;
				GCC_WARN_UNINITIALIZED_AUTOS = YES_AGGRESSIVE;
				GCC_WARN_UNUSED_FUNCTION = YES;
				GCC_WARN_UNUSED_VARIABLE = YES;
				IPHONEOS_DEPLOYMENT_TARGET = 11.3;
				MTL_ENABLE_DEBUG_INFO = YES;
				ONLY_ACTIVE_ARCH = YES;
				SDKROOT = iphoneos;
				SWIFT_ACTIVE_COMPILATION_CONDITIONS = DEBUG;
				SWIFT_OPTIMIZATION_LEVEL = "-Onone";
			};
			name = Debug;
		};
		3B9D118B20A0ADA300B44CF7 /* Release */ = {
			isa = XCBuildConfiguration;
			buildSettings = {
				ALWAYS_SEARCH_USER_PATHS = NO;
				CLANG_ANALYZER_NONNULL = YES;
				CLANG_ANALYZER_NUMBER_OBJECT_CONVERSION = YES_AGGRESSIVE;
				CLANG_CXX_LANGUAGE_STANDARD = "gnu++14";
				CLANG_CXX_LIBRARY = "libc++";
				CLANG_ENABLE_MODULES = YES;
				CLANG_ENABLE_OBJC_ARC = YES;
				CLANG_ENABLE_OBJC_WEAK = YES;
				CLANG_WARN_BLOCK_CAPTURE_AUTORELEASING = YES;
				CLANG_WARN_BOOL_CONVERSION = YES;
				CLANG_WARN_COMMA = YES;
				CLANG_WARN_CONSTANT_CONVERSION = YES;
				CLANG_WARN_DEPRECATED_OBJC_IMPLEMENTATIONS = YES;
				CLANG_WARN_DIRECT_OBJC_ISA_USAGE = YES_ERROR;
				CLANG_WARN_DOCUMENTATION_COMMENTS = YES;
				CLANG_WARN_EMPTY_BODY = YES;
				CLANG_WARN_ENUM_CONVERSION = YES;
				CLANG_WARN_INFINITE_RECURSION = YES;
				CLANG_WARN_INT_CONVERSION = YES;
				CLANG_WARN_NON_LITERAL_NULL_CONVERSION = YES;
				CLANG_WARN_OBJC_IMPLICIT_RETAIN_SELF = YES;
				CLANG_WARN_OBJC_LITERAL_CONVERSION = YES;
				CLANG_WARN_OBJC_ROOT_CLASS = YES_ERROR;
				CLANG_WARN_RANGE_LOOP_ANALYSIS = YES;
				CLANG_WARN_STRICT_PROTOTYPES = YES;
				CLANG_WARN_SUSPICIOUS_MOVE = YES;
				CLANG_WARN_UNGUARDED_AVAILABILITY = YES_AGGRESSIVE;
				CLANG_WARN_UNREACHABLE_CODE = YES;
				CLANG_WARN__DUPLICATE_METHOD_MATCH = YES;
				CODE_SIGN_IDENTITY = "iPhone Developer";
				COPY_PHASE_STRIP = NO;
				DEBUG_INFORMATION_FORMAT = "dwarf-with-dsym";
				ENABLE_NS_ASSERTIONS = NO;
				ENABLE_STRICT_OBJC_MSGSEND = YES;
				GCC_C_LANGUAGE_STANDARD = gnu11;
				GCC_NO_COMMON_BLOCKS = YES;
				GCC_WARN_64_TO_32_BIT_CONVERSION = YES;
				GCC_WARN_ABOUT_RETURN_TYPE = YES_ERROR;
				GCC_WARN_UNDECLARED_SELECTOR = YES;
				GCC_WARN_UNINITIALIZED_AUTOS = YES_AGGRESSIVE;
				GCC_WARN_UNUSED_FUNCTION = YES;
				GCC_WARN_UNUSED_VARIABLE = YES;
				IPHONEOS_DEPLOYMENT_TARGET = 11.3;
				MTL_ENABLE_DEBUG_INFO = NO;
				SDKROOT = iphoneos;
				SWIFT_COMPILATION_MODE = wholemodule;
				SWIFT_OPTIMIZATION_LEVEL = "-O";
				VALIDATE_PRODUCT = YES;
			};
			name = Release;
		};
		3B9D118D20A0ADA300B44CF7 /* Debug */ = {
			isa = XCBuildConfiguration;
			buildSettings = {
				ASSETCATALOG_COMPILER_APPICON_NAME = AppIcon;
				CODE_SIGN_STYLE = Automatic;
				DEVELOPMENT_TEAM = MC2BEA2U5Y;
				INFOPLIST_FILE = "$(SRCROOT)/MattsContacts/Resources/Info.plist";
				LD_RUNPATH_SEARCH_PATHS = (
					"$(inherited)",
					"@executable_path/Frameworks",
				);
				PRODUCT_BUNDLE_IDENTIFIER = com.JfMetcalf.MattsContacts;
				PRODUCT_NAME = "$(TARGET_NAME)";
				SWIFT_VERSION = 4.0;
				TARGETED_DEVICE_FAMILY = "1,2";
			};
			name = Debug;
		};
		3B9D118E20A0ADA300B44CF7 /* Release */ = {
			isa = XCBuildConfiguration;
			buildSettings = {
				ASSETCATALOG_COMPILER_APPICON_NAME = AppIcon;
				CODE_SIGN_STYLE = Automatic;
				DEVELOPMENT_TEAM = MC2BEA2U5Y;
				INFOPLIST_FILE = "$(SRCROOT)/MattsContacts/Resources/Info.plist";
				LD_RUNPATH_SEARCH_PATHS = (
					"$(inherited)",
					"@executable_path/Frameworks",
				);
				PRODUCT_BUNDLE_IDENTIFIER = com.JfMetcalf.MattsContacts;
				PRODUCT_NAME = "$(TARGET_NAME)";
				SWIFT_VERSION = 4.0;
				TARGETED_DEVICE_FAMILY = "1,2";
			};
			name = Release;
		};
/* End XCBuildConfiguration section */

/* Begin XCConfigurationList section */
		3B9D117220A0ADA100B44CF7 /* Build configuration list for PBXProject "MattsContacts" */ = {
			isa = XCConfigurationList;
			buildConfigurations = (
				3B9D118A20A0ADA300B44CF7 /* Debug */,
				3B9D118B20A0ADA300B44CF7 /* Release */,
			);
			defaultConfigurationIsVisible = 0;
			defaultConfigurationName = Release;
		};
		3B9D118C20A0ADA300B44CF7 /* Build configuration list for PBXNativeTarget "MattsContacts" */ = {
			isa = XCConfigurationList;
			buildConfigurations = (
				3B9D118D20A0ADA300B44CF7 /* Debug */,
				3B9D118E20A0ADA300B44CF7 /* Release */,
			);
			defaultConfigurationIsVisible = 0;
			defaultConfigurationName = Release;
		};
/* End XCConfigurationList section */

/* Begin XCVersionGroup section */
		3B9D118120A0ADA100B44CF7 /* MattsContacts.xcdatamodeld */ = {
			isa = XCVersionGroup;
			children = (
				3B9D118220A0ADA100B44CF7 /* MattsContacts.xcdatamodel */,
			);
			currentVersion = 3B9D118220A0ADA100B44CF7 /* MattsContacts.xcdatamodel */;
			path = MattsContacts.xcdatamodeld;
			sourceTree = "<group>";
			versionGroupType = wrapper.xcdatamodel;
		};
/* End XCVersionGroup section */
	};
	rootObject = 3B9D116F20A0ADA100B44CF7 /* Project object */;
}
